
Microsoft Visual Studio Solution File, Format Version 9.00
# Visual C# Express 2005
Project("{FAE04EC0-301F-11D3-BF4B-00C04F79EFBC}") = "Game", "Game\Game.csproj", "{9D3334CF-AD97-4D9F-893C-9F0130A3B3AE}"
EndProject
Global
	GlobalSection(SolutionConfigurationPlatforms) = preSolution
		Debug|x86 = Debug|x86
		Release|x86 = Release|x86
	EndGlobalSection
	GlobalSection(ProjectConfigurationPlatforms) = postSolution
		{9D3334CF-AD97-4D9F-893C-9F0130A3B3AE}.Debug|x86.ActiveCfg = Debug|x86
		{9D3334CF-AD97-4D9F-893C-9F0130A3B3AE}.Debug|x86.Build.0 = Debug|x86
		{9D3334CF-AD97-4D9F-893C-9F0130A3B3AE}.Release|x86.ActiveCfg = Release|x86
		{9D3334CF-AD97-4D9F-893C-9F0130A3B3AE}.Release|x86.Build.0 = Release|x86
	EndGlobalSection
	GlobalSection(SolutionProperties) = preSolution
		HideSolutionNode = FALSE
	EndGlobalSection
EndGlobal
